
Microsoft Visual Studio Solution File, Format Version 12.00
# Visual Studio Version 17
VisualStudioVersion = 17.10.35027.167
MinimumVisualStudioVersion = 10.0.40219.1
Project("{FAE04EC0-301F-11D3-BF4B-00C04F79EFBC}") = "Code Scrapper", "Code Scrapper\Code Scrapper.csproj", "{477EFE51-E226-4E24-9EB5-55854DEB3042}"
EndProject
Global
	GlobalSection(SolutionConfigurationPlatforms) = preSolution
		Debug|Any CPU = Debug|Any CPU
		Release|Any CPU = Release|Any CPU
	EndGlobalSection
	GlobalSection(ProjectConfigurationPlatforms) = postSolution
		{477EFE51-E226-4E24-9EB5-55854DEB3042}.Debug|Any CPU.ActiveCfg = Debug|Any CPU
		{477EFE51-E226-4E24-9EB5-55854DEB3042}.Debug|Any CPU.Build.0 = Debug|Any CPU
		{477EFE51-E226-4E24-9EB5-55854DEB3042}.Release|Any CPU.ActiveCfg = Release|Any CPU
		{477EFE51-E226-4E24-9EB5-55854DEB3042}.Release|Any CPU.Build.0 = Release|Any CPU
	EndGlobalSection
	GlobalSection(SolutionProperties) = preSolution
		HideSolutionNode = FALSE
	EndGlobalSection
	GlobalSection(ExtensibilityGlobals) = postSolution
		SolutionGuid = {EE4129E4-CAB1-4271-9C54-3E00F2A9FEC1}
	EndGlobalSection
EndGlobal
